<<<<<<< HEAD
﻿
Microsoft Visual Studio Solution File, Format Version 12.00
# Visual Studio Version 17
VisualStudioVersion = 17.7.34031.279
MinimumVisualStudioVersion = 10.0.40219.1
Project("{FAE04EC0-301F-11D3-BF4B-00C04F79EFBC}") = "Assignment_2_Javvadi", "Assignment_2_Javvadi.csproj", "{0C6DDD24-717D-465F-9187-815C3142F629}"
EndProject
Global
	GlobalSection(SolutionConfigurationPlatforms) = preSolution
		Debug|Any CPU = Debug|Any CPU
		Release|Any CPU = Release|Any CPU
	EndGlobalSection
	GlobalSection(ProjectConfigurationPlatforms) = postSolution
		{0C6DDD24-717D-465F-9187-815C3142F629}.Debug|Any CPU.ActiveCfg = Debug|Any CPU
		{0C6DDD24-717D-465F-9187-815C3142F629}.Debug|Any CPU.Build.0 = Debug|Any CPU
		{0C6DDD24-717D-465F-9187-815C3142F629}.Release|Any CPU.ActiveCfg = Release|Any CPU
		{0C6DDD24-717D-465F-9187-815C3142F629}.Release|Any CPU.Build.0 = Release|Any CPU
	EndGlobalSection
	GlobalSection(SolutionProperties) = preSolution
		HideSolutionNode = FALSE
	EndGlobalSection
	GlobalSection(ExtensibilityGlobals) = postSolution
		SolutionGuid = {08015D5A-3C95-485B-9152-0AE7A58EA225}
	EndGlobalSection
EndGlobal
=======
﻿
Microsoft Visual Studio Solution File, Format Version 12.00
# Visual Studio Version 17
VisualStudioVersion = 17.7.34031.279
MinimumVisualStudioVersion = 10.0.40219.1
Project("{FAE04EC0-301F-11D3-BF4B-00C04F79EFBC}") = "Assignment_2_Javvadi", "Assignment_2_Javvadi.csproj", "{0C6DDD24-717D-465F-9187-815C3142F629}"
EndProject
Global
	GlobalSection(SolutionConfigurationPlatforms) = preSolution
		Debug|Any CPU = Debug|Any CPU
		Release|Any CPU = Release|Any CPU
	EndGlobalSection
	GlobalSection(ProjectConfigurationPlatforms) = postSolution
		{0C6DDD24-717D-465F-9187-815C3142F629}.Debug|Any CPU.ActiveCfg = Debug|Any CPU
		{0C6DDD24-717D-465F-9187-815C3142F629}.Debug|Any CPU.Build.0 = Debug|Any CPU
		{0C6DDD24-717D-465F-9187-815C3142F629}.Release|Any CPU.ActiveCfg = Release|Any CPU
		{0C6DDD24-717D-465F-9187-815C3142F629}.Release|Any CPU.Build.0 = Release|Any CPU
	EndGlobalSection
	GlobalSection(SolutionProperties) = preSolution
		HideSolutionNode = FALSE
	EndGlobalSection
	GlobalSection(ExtensibilityGlobals) = postSolution
		SolutionGuid = {08015D5A-3C95-485B-9152-0AE7A58EA225}
	EndGlobalSection
EndGlobal
>>>>>>> 8495a852a0ba898a09af5f091971ab920b9da9af
